
Microsoft Visual Studio Solution File, Format Version 12.00
# Visual Studio Version 17
VisualStudioVersion = 17.5.33424.131
MinimumVisualStudioVersion = 10.0.40219.1
Project("{FAE04EC0-301F-11D3-BF4B-00C04F79EFBC}") = "CQRS_Case", "CQRS_Case.csproj", "{D10178C2-0ABF-4782-87AD-C1F7FB629AEE}"
EndProject
Global
	GlobalSection(SolutionConfigurationPlatforms) = preSolution
		Debug|Any CPU = Debug|Any CPU
		Release|Any CPU = Release|Any CPU
	EndGlobalSection
	GlobalSection(ProjectConfigurationPlatforms) = postSolution
		{D10178C2-0ABF-4782-87AD-C1F7FB629AEE}.Debug|Any CPU.ActiveCfg = Debug|Any CPU
		{D10178C2-0ABF-4782-87AD-C1F7FB629AEE}.Debug|Any CPU.Build.0 = Debug|Any CPU
		{D10178C2-0ABF-4782-87AD-C1F7FB629AEE}.Release|Any CPU.ActiveCfg = Release|Any CPU
		{D10178C2-0ABF-4782-87AD-C1F7FB629AEE}.Release|Any CPU.Build.0 = Release|Any CPU
	EndGlobalSection
	GlobalSection(SolutionProperties) = preSolution
		HideSolutionNode = FALSE
	EndGlobalSection
	GlobalSection(ExtensibilityGlobals) = postSolution
		SolutionGuid = {C8C4C14B-CC3F-407B-88A8-C36820C04352}
	EndGlobalSection
EndGlobal
